{
  "name": "bfilter",
  "version": "2.2.0",
  "lockfileVersion": 1,
  "preserveSymlinks": "1",
  "requires": true,
  "dependencies": {
    "bcrypto": {
      "version": "git+https://github.com/bcoin-org/bcrypto.git#b73dbc69884ecc790864e8ac513d627cdb0318d7",
      "from": "git+https://github.com/bcoin-org/bcrypto.git#semver:~5.4.0",
      "requires": {
        "bufio": "~1.0.7",
        "loady": "~0.0.5"
      }
    },
    "bmocha": {
      "version": "git+https://github.com/bcoin-org/bmocha.git#4ec0e4fd990871105fc2f0da55cf809276bc49bf",
      "from": "git+https://github.com/bcoin-org/bmocha.git#semver:^2.1.2",
      "dev": true
    },
    "bsert": {
      "version": "git+https://github.com/chjj/bsert.git#bd09d49eab8644bca08ae8259a3d8756e7d453fc",
      "from": "git+https://github.com/chjj/bsert.git#semver:~0.0.10"
    },
    "bufio": {
      "version": "git+https://github.com/bcoin-org/bufio.git#91ae6c93899ff9fad7d7cee9afd2a1c4933ca984",
      "from": "git+https://github.com/bcoin-org/bufio.git#semver:~1.0.6"
    },
    "loady": {
      "version": "git+https://github.com/chjj/loady.git#b94958b7ee061518f4b85ea6da380e7ee93222d5",
      "from": "git+https://github.com/chjj/loady.git#semver:~0.0.1"
    }
  }
}
